
Microsoft Visual Studio Solution File, Format Version 12.00
# Visual Studio Version 16
VisualStudioVersion = 16.0.30804.86
MinimumVisualStudioVersion = 10.0.40219.1
Project("{9A19103F-16F7-4668-BE54-9A1E7A4F7556}") = "Template", "Template\Template.csproj", "{002754CB-D182-436F-9B1E-1E247BCAA329}"
EndProject
Project("{9A19103F-16F7-4668-BE54-9A1E7A4F7556}") = "Persistance", "Persistance\Persistance.csproj", "{C6E3B5F6-83FD-4063-B485-0C8371B47494}"
EndProject
Project("{9A19103F-16F7-4668-BE54-9A1E7A4F7556}") = "Domain", "Domain\Domain.csproj", "{E934938A-B29F-4E96-A57F-3F103247ED2C}"
EndProject
Project("{FAE04EC0-301F-11D3-BF4B-00C04F79EFBC}") = "Application", "Application\Application.csproj", "{DEA2471B-1BBA-45DF-AEE0-2DAC10313375}"
EndProject
Global
	GlobalSection(SolutionConfigurationPlatforms) = preSolution
		Debug|Any CPU = Debug|Any CPU
		Release|Any CPU = Release|Any CPU
	EndGlobalSection
	GlobalSection(ProjectConfigurationPlatforms) = postSolution
		{002754CB-D182-436F-9B1E-1E247BCAA329}.Debug|Any CPU.ActiveCfg = Debug|Any CPU
		{002754CB-D182-436F-9B1E-1E247BCAA329}.Debug|Any CPU.Build.0 = Debug|Any CPU
		{002754CB-D182-436F-9B1E-1E247BCAA329}.Release|Any CPU.ActiveCfg = Release|Any CPU
		{002754CB-D182-436F-9B1E-1E247BCAA329}.Release|Any CPU.Build.0 = Release|Any CPU
		{C6E3B5F6-83FD-4063-B485-0C8371B47494}.Debug|Any CPU.ActiveCfg = Debug|Any CPU
		{C6E3B5F6-83FD-4063-B485-0C8371B47494}.Debug|Any CPU.Build.0 = Debug|Any CPU
		{C6E3B5F6-83FD-4063-B485-0C8371B47494}.Release|Any CPU.ActiveCfg = Release|Any CPU
		{C6E3B5F6-83FD-4063-B485-0C8371B47494}.Release|Any CPU.Build.0 = Release|Any CPU
		{E934938A-B29F-4E96-A57F-3F103247ED2C}.Debug|Any CPU.ActiveCfg = Debug|Any CPU
		{E934938A-B29F-4E96-A57F-3F103247ED2C}.Debug|Any CPU.Build.0 = Debug|Any CPU
		{E934938A-B29F-4E96-A57F-3F103247ED2C}.Release|Any CPU.ActiveCfg = Release|Any CPU
		{E934938A-B29F-4E96-A57F-3F103247ED2C}.Release|Any CPU.Build.0 = Release|Any CPU
		{DEA2471B-1BBA-45DF-AEE0-2DAC10313375}.Debug|Any CPU.ActiveCfg = Debug|Any CPU
		{DEA2471B-1BBA-45DF-AEE0-2DAC10313375}.Debug|Any CPU.Build.0 = Debug|Any CPU
		{DEA2471B-1BBA-45DF-AEE0-2DAC10313375}.Release|Any CPU.ActiveCfg = Release|Any CPU
		{DEA2471B-1BBA-45DF-AEE0-2DAC10313375}.Release|Any CPU.Build.0 = Release|Any CPU
	EndGlobalSection
	GlobalSection(SolutionProperties) = preSolution
		HideSolutionNode = FALSE
	EndGlobalSection
	GlobalSection(ExtensibilityGlobals) = postSolution
		SolutionGuid = {481CEEA4-4EDE-4B79-9F7C-EBF5CEE8748E}
	EndGlobalSection
EndGlobal
